
Microsoft Visual Studio Solution File, Format Version 11.00
# Visual Studio 2010
Project("{FAE04EC0-301F-11D3-BF4B-00C04F79EFBC}") = "Client", "Client\Client.csproj", "{5BFFB663-0FF7-4683-929F-58829B79B33D}"
EndProject
Project("{FAE04EC0-301F-11D3-BF4B-00C04F79EFBC}") = "Server", "Server\Server.csproj", "{20690468-0083-4437-B147-1B5B8444028F}"
EndProject
Project("{FAE04EC0-301F-11D3-BF4B-00C04F79EFBC}") = "TextParserTest", "TestsNunit\TextParserTest\TextParserTest.csproj", "{97956759-3D2E-44DA-A34A-7C69043DDB0E}"
EndProject
Project("{FAE04EC0-301F-11D3-BF4B-00C04F79EFBC}") = "PluginNav", "PluginNav\PluginNav.csproj", "{97A35694-80EB-4BEB-A48F-7F67890ACA72}"
EndProject
Project("{FAE04EC0-301F-11D3-BF4B-00C04F79EFBC}") = "PluginMath", "PluginMath\PluginMath.csproj", "{4D142171-9719-446F-ABEF-58F90FC746A2}"
EndProject
Project("{FAE04EC0-301F-11D3-BF4B-00C04F79EFBC}") = "PluginPsych", "PluginPsych\PluginPsych.csproj", "{83C9ABBE-51BA-43AB-A9D3-55192FCA68E0}"
EndProject
Project("{FAE04EC0-301F-11D3-BF4B-00C04F79EFBC}") = "PluginManagerTest", "TestsNunit\PluginManagerTest\PluginManagerTest.csproj", "{7384E8F1-BED4-4F1D-A882-B9CEA4475C25}"
EndProject
Project("{FAE04EC0-301F-11D3-BF4B-00C04F79EFBC}") = "Interface", "Interface\Interface.csproj", "{B255D99B-8064-45C8-80A7-23DA540ADFA2}"
EndProject
Global
	GlobalSection(SolutionConfigurationPlatforms) = preSolution
		Debug|Any CPU = Debug|Any CPU
		Debug|Mixed Platforms = Debug|Mixed Platforms
		Debug|x86 = Debug|x86
		Release|Any CPU = Release|Any CPU
		Release|Mixed Platforms = Release|Mixed Platforms
		Release|x86 = Release|x86
	EndGlobalSection
	GlobalSection(ProjectConfigurationPlatforms) = postSolution
		{5BFFB663-0FF7-4683-929F-58829B79B33D}.Debug|Any CPU.ActiveCfg = Debug|x86
		{5BFFB663-0FF7-4683-929F-58829B79B33D}.Debug|Mixed Platforms.ActiveCfg = Debug|x86
		{5BFFB663-0FF7-4683-929F-58829B79B33D}.Debug|Mixed Platforms.Build.0 = Debug|x86
		{5BFFB663-0FF7-4683-929F-58829B79B33D}.Debug|x86.ActiveCfg = Debug|x86
		{5BFFB663-0FF7-4683-929F-58829B79B33D}.Debug|x86.Build.0 = Debug|x86
		{5BFFB663-0FF7-4683-929F-58829B79B33D}.Release|Any CPU.ActiveCfg = Release|x86
		{5BFFB663-0FF7-4683-929F-58829B79B33D}.Release|Mixed Platforms.ActiveCfg = Release|x86
		{5BFFB663-0FF7-4683-929F-58829B79B33D}.Release|Mixed Platforms.Build.0 = Release|x86
		{5BFFB663-0FF7-4683-929F-58829B79B33D}.Release|x86.ActiveCfg = Release|x86
		{5BFFB663-0FF7-4683-929F-58829B79B33D}.Release|x86.Build.0 = Release|x86
		{20690468-0083-4437-B147-1B5B8444028F}.Debug|Any CPU.ActiveCfg = Debug|x86
		{20690468-0083-4437-B147-1B5B8444028F}.Debug|Mixed Platforms.ActiveCfg = Debug|x86
		{20690468-0083-4437-B147-1B5B8444028F}.Debug|Mixed Platforms.Build.0 = Debug|x86
		{20690468-0083-4437-B147-1B5B8444028F}.Debug|x86.ActiveCfg = Debug|x86
		{20690468-0083-4437-B147-1B5B8444028F}.Debug|x86.Build.0 = Debug|x86
		{20690468-0083-4437-B147-1B5B8444028F}.Release|Any CPU.ActiveCfg = Release|x86
		{20690468-0083-4437-B147-1B5B8444028F}.Release|Mixed Platforms.ActiveCfg = Release|x86
		{20690468-0083-4437-B147-1B5B8444028F}.Release|Mixed Platforms.Build.0 = Release|x86
		{20690468-0083-4437-B147-1B5B8444028F}.Release|x86.ActiveCfg = Release|x86
		{20690468-0083-4437-B147-1B5B8444028F}.Release|x86.Build.0 = Release|x86
		{97956759-3D2E-44DA-A34A-7C69043DDB0E}.Debug|Any CPU.ActiveCfg = Debug|Any CPU
		{97956759-3D2E-44DA-A34A-7C69043DDB0E}.Debug|Any CPU.Build.0 = Debug|Any CPU
		{97956759-3D2E-44DA-A34A-7C69043DDB0E}.Debug|Mixed Platforms.ActiveCfg = Debug|Any CPU
		{97956759-3D2E-44DA-A34A-7C69043DDB0E}.Debug|Mixed Platforms.Build.0 = Debug|Any CPU
		{97956759-3D2E-44DA-A34A-7C69043DDB0E}.Debug|x86.ActiveCfg = Debug|Any CPU
		{97956759-3D2E-44DA-A34A-7C69043DDB0E}.Release|Any CPU.ActiveCfg = Release|Any CPU
		{97956759-3D2E-44DA-A34A-7C69043DDB0E}.Release|Any CPU.Build.0 = Release|Any CPU
		{97956759-3D2E-44DA-A34A-7C69043DDB0E}.Release|Mixed Platforms.ActiveCfg = Release|Any CPU
		{97956759-3D2E-44DA-A34A-7C69043DDB0E}.Release|Mixed Platforms.Build.0 = Release|Any CPU
		{97956759-3D2E-44DA-A34A-7C69043DDB0E}.Release|x86.ActiveCfg = Release|Any CPU
		{97A35694-80EB-4BEB-A48F-7F67890ACA72}.Debug|Any CPU.ActiveCfg = Debug|Any CPU
		{97A35694-80EB-4BEB-A48F-7F67890ACA72}.Debug|Any CPU.Build.0 = Debug|Any CPU
		{97A35694-80EB-4BEB-A48F-7F67890ACA72}.Debug|Mixed Platforms.ActiveCfg = Debug|Any CPU
		{97A35694-80EB-4BEB-A48F-7F67890ACA72}.Debug|Mixed Platforms.Build.0 = Debug|Any CPU
		{97A35694-80EB-4BEB-A48F-7F67890ACA72}.Debug|x86.ActiveCfg = Debug|Any CPU
		{97A35694-80EB-4BEB-A48F-7F67890ACA72}.Release|Any CPU.ActiveCfg = Release|Any CPU
		{97A35694-80EB-4BEB-A48F-7F67890ACA72}.Release|Any CPU.Build.0 = Release|Any CPU
		{97A35694-80EB-4BEB-A48F-7F67890ACA72}.Release|Mixed Platforms.ActiveCfg = Release|Any CPU
		{97A35694-80EB-4BEB-A48F-7F67890ACA72}.Release|Mixed Platforms.Build.0 = Release|Any CPU
		{97A35694-80EB-4BEB-A48F-7F67890ACA72}.Release|x86.ActiveCfg = Release|Any CPU
		{4D142171-9719-446F-ABEF-58F90FC746A2}.Debug|Any CPU.ActiveCfg = Debug|Any CPU
		{4D142171-9719-446F-ABEF-58F90FC746A2}.Debug|Any CPU.Build.0 = Debug|Any CPU
		{4D142171-9719-446F-ABEF-58F90FC746A2}.Debug|Mixed Platforms.ActiveCfg = Debug|Any CPU
		{4D142171-9719-446F-ABEF-58F90FC746A2}.Debug|Mixed Platforms.Build.0 = Debug|Any CPU
		{4D142171-9719-446F-ABEF-58F90FC746A2}.Debug|x86.ActiveCfg = Debug|Any CPU
		{4D142171-9719-446F-ABEF-58F90FC746A2}.Release|Any CPU.ActiveCfg = Release|Any CPU
		{4D142171-9719-446F-ABEF-58F90FC746A2}.Release|Any CPU.Build.0 = Release|Any CPU
		{4D142171-9719-446F-ABEF-58F90FC746A2}.Release|Mixed Platforms.ActiveCfg = Release|Any CPU
		{4D142171-9719-446F-ABEF-58F90FC746A2}.Release|Mixed Platforms.Build.0 = Release|Any CPU
		{4D142171-9719-446F-ABEF-58F90FC746A2}.Release|x86.ActiveCfg = Release|Any CPU
		{83C9ABBE-51BA-43AB-A9D3-55192FCA68E0}.Debug|Any CPU.ActiveCfg = Debug|Any CPU
		{83C9ABBE-51BA-43AB-A9D3-55192FCA68E0}.Debug|Any CPU.Build.0 = Debug|Any CPU
		{83C9ABBE-51BA-43AB-A9D3-55192FCA68E0}.Debug|Mixed Platforms.ActiveCfg = Debug|Any CPU
		{83C9ABBE-51BA-43AB-A9D3-55192FCA68E0}.Debug|Mixed Platforms.Build.0 = Debug|Any CPU
		{83C9ABBE-51BA-43AB-A9D3-55192FCA68E0}.Debug|x86.ActiveCfg = Debug|Any CPU
		{83C9ABBE-51BA-43AB-A9D3-55192FCA68E0}.Release|Any CPU.ActiveCfg = Release|Any CPU
		{83C9ABBE-51BA-43AB-A9D3-55192FCA68E0}.Release|Any CPU.Build.0 = Release|Any CPU
		{83C9ABBE-51BA-43AB-A9D3-55192FCA68E0}.Release|Mixed Platforms.ActiveCfg = Release|Any CPU
		{83C9ABBE-51BA-43AB-A9D3-55192FCA68E0}.Release|Mixed Platforms.Build.0 = Release|Any CPU
		{83C9ABBE-51BA-43AB-A9D3-55192FCA68E0}.Release|x86.ActiveCfg = Release|Any CPU
		{7384E8F1-BED4-4F1D-A882-B9CEA4475C25}.Debug|Any CPU.ActiveCfg = Debug|Any CPU
		{7384E8F1-BED4-4F1D-A882-B9CEA4475C25}.Debug|Any CPU.Build.0 = Debug|Any CPU
		{7384E8F1-BED4-4F1D-A882-B9CEA4475C25}.Debug|Mixed Platforms.ActiveCfg = Debug|Any CPU
		{7384E8F1-BED4-4F1D-A882-B9CEA4475C25}.Debug|Mixed Platforms.Build.0 = Debug|Any CPU
		{7384E8F1-BED4-4F1D-A882-B9CEA4475C25}.Debug|x86.ActiveCfg = Debug|Any CPU
		{7384E8F1-BED4-4F1D-A882-B9CEA4475C25}.Release|Any CPU.ActiveCfg = Release|Any CPU
		{7384E8F1-BED4-4F1D-A882-B9CEA4475C25}.Release|Any CPU.Build.0 = Release|Any CPU
		{7384E8F1-BED4-4F1D-A882-B9CEA4475C25}.Release|Mixed Platforms.ActiveCfg = Release|Any CPU
		{7384E8F1-BED4-4F1D-A882-B9CEA4475C25}.Release|Mixed Platforms.Build.0 = Release|Any CPU
		{7384E8F1-BED4-4F1D-A882-B9CEA4475C25}.Release|x86.ActiveCfg = Release|Any CPU
		{B255D99B-8064-45C8-80A7-23DA540ADFA2}.Debug|Any CPU.ActiveCfg = Debug|x86
		{B255D99B-8064-45C8-80A7-23DA540ADFA2}.Debug|Mixed Platforms.ActiveCfg = Debug|x86
		{B255D99B-8064-45C8-80A7-23DA540ADFA2}.Debug|Mixed Platforms.Build.0 = Debug|x86
		{B255D99B-8064-45C8-80A7-23DA540ADFA2}.Debug|x86.ActiveCfg = Debug|x86
		{B255D99B-8064-45C8-80A7-23DA540ADFA2}.Debug|x86.Build.0 = Debug|x86
		{B255D99B-8064-45C8-80A7-23DA540ADFA2}.Release|Any CPU.ActiveCfg = Release|x86
		{B255D99B-8064-45C8-80A7-23DA540ADFA2}.Release|Mixed Platforms.ActiveCfg = Release|x86
		{B255D99B-8064-45C8-80A7-23DA540ADFA2}.Release|Mixed Platforms.Build.0 = Release|x86
		{B255D99B-8064-45C8-80A7-23DA540ADFA2}.Release|x86.ActiveCfg = Release|x86
		{B255D99B-8064-45C8-80A7-23DA540ADFA2}.Release|x86.Build.0 = Release|x86
	EndGlobalSection
	GlobalSection(SolutionProperties) = preSolution
		HideSolutionNode = FALSE
	EndGlobalSection
EndGlobal
